
Microsoft Visual Studio Solution File, Format Version 12.00
# Visual Studio Version 17
VisualStudioVersion = 17.11.35327.3
MinimumVisualStudioVersion = 10.0.40219.1
Project("{FAE04EC0-301F-11D3-BF4B-00C04F79EFBC}") = "Authentication_Demo", "Authentication_Demo.csproj", "{9E0A35EF-2EA3-4A89-89FB-1D4BF6044CC2}"
EndProject
Global
	GlobalSection(SolutionConfigurationPlatforms) = preSolution
		Debug|Any CPU = Debug|Any CPU
		Release|Any CPU = Release|Any CPU
	EndGlobalSection
	GlobalSection(ProjectConfigurationPlatforms) = postSolution
		{9E0A35EF-2EA3-4A89-89FB-1D4BF6044CC2}.Debug|Any CPU.ActiveCfg = Debug|Any CPU
		{9E0A35EF-2EA3-4A89-89FB-1D4BF6044CC2}.Debug|Any CPU.Build.0 = Debug|Any CPU
		{9E0A35EF-2EA3-4A89-89FB-1D4BF6044CC2}.Release|Any CPU.ActiveCfg = Release|Any CPU
		{9E0A35EF-2EA3-4A89-89FB-1D4BF6044CC2}.Release|Any CPU.Build.0 = Release|Any CPU
	EndGlobalSection
	GlobalSection(SolutionProperties) = preSolution
		HideSolutionNode = FALSE
	EndGlobalSection
	GlobalSection(ExtensibilityGlobals) = postSolution
		SolutionGuid = {DC36271F-9E63-4530-98A7-EC4AB5B91369}
	EndGlobalSection
EndGlobal
